Microsoft Visual Studio Solution File, Format Version 12.00
# Visual Studio Version 17
VisualStudioVersion = 17.5.2.0
MinimumVisualStudioVersion = 10.0.40219.1
Project("{FAE04EC0-301F-11D3-BF4B-00C04F79EFBC}") = "EmployeeApi", "EmployeeApi\EmployeeApi.csproj", "{4686858A-79BD-241B-34C0-6252D9B60DFE}"
EndProject
Global
	GlobalSection(SolutionConfigurationPlatforms) = preSolution
		Debug|Any CPU = Debug|Any CPU
		Release|Any CPU = Release|Any CPU
	EndGlobalSection
	GlobalSection(ProjectConfigurationPlatforms) = postSolution
		{4686858A-79BD-241B-34C0-6252D9B60DFE}.Debug|Any CPU.ActiveCfg = Debug|Any CPU
		{4686858A-79BD-241B-34C0-6252D9B60DFE}.Debug|Any CPU.Build.0 = Debug|Any CPU
		{4686858A-79BD-241B-34C0-6252D9B60DFE}.Release|Any CPU.ActiveCfg = Release|Any CPU
		{4686858A-79BD-241B-34C0-6252D9B60DFE}.Release|Any CPU.Build.0 = Release|Any CPU
	EndGlobalSection
	GlobalSection(SolutionProperties) = preSolution
		HideSolutionNode = FALSE
	EndGlobalSection
	GlobalSection(ExtensibilityGlobals) = postSolution
		SolutionGuid = {250A19E3-4ACF-4238-B643-A1EDF2FA063C}
	EndGlobalSection
EndGlobal
